
Microsoft Visual Studio Solution File, Format Version 12.00
# Visual Studio Version 17
VisualStudioVersion = 17.0.31903.59
MinimumVisualStudioVersion = 10.0.40219.1
Project("{2150E333-8FDC-42A3-9474-1A3956D46DE8}") = "src", "src", "{3C4ED0A9-2884-491E-87F0-2875AD03EC8A}"
EndProject
Project("{2150E333-8FDC-42A3-9474-1A3956D46DE8}") = "psp", "psp", "{7B01CF45-30BE-464F-85C2-D4FD8DEBED08}"
EndProject
Project("{2150E333-8FDC-42A3-9474-1A3956D46DE8}") = "Psp.Api", "Psp.Api", "{3E459C26-6668-4480-BA40-B6117B927FD5}"
EndProject
Project("{FAE04EC0-301F-11D3-BF4B-00C04F79EFBC}") = "Psp.Api", "src\psp\Psp.Api\Psp.Api\Psp.Api.csproj", "{3BBCCB3A-4459-4516-BDD5-B9BFE6001133}"
EndProject
Project("{2150E333-8FDC-42A3-9474-1A3956D46DE8}") = "bank", "bank", "{1B7E9695-4D16-4D20-A4B2-5A21E08B05CD}"
EndProject
Project("{2150E333-8FDC-42A3-9474-1A3956D46DE8}") = "Bank.Api", "Bank.Api", "{B2D8C473-5CB7-4E13-9DB9-B0CF4A56C956}"
EndProject
Project("{FAE04EC0-301F-11D3-BF4B-00C04F79EFBC}") = "Bank.Api", "src\bank\Bank.Api\Bank.Api\Bank.Api.csproj", "{2DAE9184-9CC5-419A-80A7-55F90616F465}"
EndProject
Project("{2150E333-8FDC-42A3-9474-1A3956D46DE8}") = "webshop", "webshop", "{357EDFB5-0D35-4D81-972D-E262E30CACF3}"
EndProject
Project("{2150E333-8FDC-42A3-9474-1A3956D46DE8}") = "WebShop.Api", "WebShop.Api", "{64965FB6-B899-4150-9145-265C13F672E3}"
EndProject
Project("{FAE04EC0-301F-11D3-BF4B-00C04F79EFBC}") = "WebShop.Api", "src\webshop\WebShop.Api\WebShop.Api\WebShop.Api.csproj", "{AD5378AB-77D0-4C68-9C7D-07503B954788}"
EndProject
Project("{2150E333-8FDC-42A3-9474-1A3956D46DE8}") = "common", "common", "{7E717C14-F185-43B6-8DBA-9CEF9A98AF1E}"
EndProject
Project("{FAE04EC0-301F-11D3-BF4B-00C04F79EFBC}") = "Common", "src\common\Common\Common.csproj", "{FDFB116F-ED23-47C9-8044-3A1E16E0CE8C}"
EndProject
Global
	GlobalSection(SolutionConfigurationPlatforms) = preSolution
		Debug|Any CPU = Debug|Any CPU
		Release|Any CPU = Release|Any CPU
	EndGlobalSection
	GlobalSection(SolutionProperties) = preSolution
		HideSolutionNode = FALSE
	EndGlobalSection
	GlobalSection(ProjectConfigurationPlatforms) = postSolution
		{3BBCCB3A-4459-4516-BDD5-B9BFE6001133}.Debug|Any CPU.ActiveCfg = Debug|Any CPU
		{3BBCCB3A-4459-4516-BDD5-B9BFE6001133}.Debug|Any CPU.Build.0 = Debug|Any CPU
		{3BBCCB3A-4459-4516-BDD5-B9BFE6001133}.Release|Any CPU.ActiveCfg = Release|Any CPU
		{3BBCCB3A-4459-4516-BDD5-B9BFE6001133}.Release|Any CPU.Build.0 = Release|Any CPU
		{2DAE9184-9CC5-419A-80A7-55F90616F465}.Debug|Any CPU.ActiveCfg = Debug|Any CPU
		{2DAE9184-9CC5-419A-80A7-55F90616F465}.Debug|Any CPU.Build.0 = Debug|Any CPU
		{2DAE9184-9CC5-419A-80A7-55F90616F465}.Release|Any CPU.ActiveCfg = Release|Any CPU
		{2DAE9184-9CC5-419A-80A7-55F90616F465}.Release|Any CPU.Build.0 = Release|Any CPU
		{AD5378AB-77D0-4C68-9C7D-07503B954788}.Debug|Any CPU.ActiveCfg = Debug|Any CPU
		{AD5378AB-77D0-4C68-9C7D-07503B954788}.Debug|Any CPU.Build.0 = Debug|Any CPU
		{AD5378AB-77D0-4C68-9C7D-07503B954788}.Release|Any CPU.ActiveCfg = Release|Any CPU
		{AD5378AB-77D0-4C68-9C7D-07503B954788}.Release|Any CPU.Build.0 = Release|Any CPU
		{FDFB116F-ED23-47C9-8044-3A1E16E0CE8C}.Debug|Any CPU.ActiveCfg = Debug|Any CPU
		{FDFB116F-ED23-47C9-8044-3A1E16E0CE8C}.Debug|Any CPU.Build.0 = Debug|Any CPU
		{FDFB116F-ED23-47C9-8044-3A1E16E0CE8C}.Release|Any CPU.ActiveCfg = Release|Any CPU
		{FDFB116F-ED23-47C9-8044-3A1E16E0CE8C}.Release|Any CPU.Build.0 = Release|Any CPU
	EndGlobalSection
	GlobalSection(NestedProjects) = preSolution
		{7B01CF45-30BE-464F-85C2-D4FD8DEBED08} = {3C4ED0A9-2884-491E-87F0-2875AD03EC8A}
		{3E459C26-6668-4480-BA40-B6117B927FD5} = {7B01CF45-30BE-464F-85C2-D4FD8DEBED08}
		{3BBCCB3A-4459-4516-BDD5-B9BFE6001133} = {3E459C26-6668-4480-BA40-B6117B927FD5}
		{1B7E9695-4D16-4D20-A4B2-5A21E08B05CD} = {3C4ED0A9-2884-491E-87F0-2875AD03EC8A}
		{B2D8C473-5CB7-4E13-9DB9-B0CF4A56C956} = {1B7E9695-4D16-4D20-A4B2-5A21E08B05CD}
		{2DAE9184-9CC5-419A-80A7-55F90616F465} = {B2D8C473-5CB7-4E13-9DB9-B0CF4A56C956}
		{357EDFB5-0D35-4D81-972D-E262E30CACF3} = {3C4ED0A9-2884-491E-87F0-2875AD03EC8A}
		{64965FB6-B899-4150-9145-265C13F672E3} = {357EDFB5-0D35-4D81-972D-E262E30CACF3}
		{AD5378AB-77D0-4C68-9C7D-07503B954788} = {64965FB6-B899-4150-9145-265C13F672E3}
		{7E717C14-F185-43B6-8DBA-9CEF9A98AF1E} = {3C4ED0A9-2884-491E-87F0-2875AD03EC8A}
		{FDFB116F-ED23-47C9-8044-3A1E16E0CE8C} = {7E717C14-F185-43B6-8DBA-9CEF9A98AF1E}
	EndGlobalSection
EndGlobal
